github.com/gorilla/mux v1.8.0 h1:i40aqfkR1h2SlN9hojwV5ZA91wcXFOvkdNIeFDP5koI=
github.com/gorilla/mux v1.8.0/go.mod h1:DVbg23sWSpFRCP0SfiEN6jmj59UnW/n46BH5rLB71So=
github.com/jaswdr/faker v1.3.0 h1:zkSkC6+khN6Pf3H6nDfeErq0NenDKGnHowEtSDaXWwI=
github.com/jaswdr/faker v1.3.0/go.mod h1:x7ZlyB1AZqwqKZgyQlnqEG8FDptmHlncA5u2zY/yi6w=
